<?xml version="1.0" encoding="utf-8"?>
<Project ToolsVersion="4.0" xmlns="http://schemas.microsoft.com/developer/msbuild/2003">
  <ItemGroup>
    <Filter Include="Source Files">
      <UniqueIdentifier>{4FC737F1-C7A5-4376-A066-2A32D752A2FF}</UniqueIdentifier>
      <Extensions>cpp;c;cc;cxx;c++;cppm;ixx;def;odl;idl;hpj;bat;asm;asmx</Extensions>
    </Filter>
    <Filter Include="Header Files">
      <UniqueIdentifier>{93995380-89BD-4b04-88EB-625FBE52EBFB}</UniqueIdentifier>
      <Extensions>h;hh;hpp;hxx;h++;hm;inl;inc;ipp;xsd</Extensions>
    </Filter>
    <Filter Include="Resource Files">
      <UniqueIdentifier>{67DA6AB6-F800-4c08-8B7A-83BB121AAD01}</UniqueIdentifier>
      <Extensions>rc;ico;cur;bmp;dlg;rc2;rct;bin;rgs;gif;jpg;jpeg;jpe;resx;tiff;tif;png;wav;mfcribbon-ms</Extensions>
    </Filter>
  </ItemGroup>
  <ItemGroup>
    <ClInclude Include="Box.h">
      <Filter>Header Files</Filter>
    </ClInclude>
    <ClInclude Include="Turkey.h">
      <Filter>Header Files</Filter>
    </ClInclude>
    <ClInclude Include="WaterTile.h">
      <Filter>Header Files</Filter>
    </ClInclude>
    <ClInclude Include="Alien.h">
      <Filter>Header Files</Filter>
    </ClInclude>
    <ClInclude Include="CriticalDamageState.h">
      <Filter>Header Files</Filter>
    </ClInclude>
    <ClInclude Include="MummyTransformState.h">
      <Filter>Header Files</Filter>
    </ClInclude>
    <ClInclude Include="TextureManager.h">
      <Filter>Header Files</Filter>
    </ClInclude>
    <ClInclude Include="AnimClip.h">
      <Filter>Header Files</Filter>
    </ClInclude>
    <ClInclude Include="BazookaSoldier.h">
      <Filter>Header Files</Filter>
    </ClInclude>
    <ClInclude Include="DamageState.h">
      <Filter>Header Files</Filter>
    </ClInclude>
    <ClInclude Include="BazookaShell.h">
      <Filter>Header Files</Filter>
    </ClInclude>
    <ClInclude Include="Boss.h">
      <Filter>Header Files</Filter>
    </ClInclude>
    <ClInclude Include="EntityManager.h">
      <Filter>Header Files</Filter>
    </ClInclude>
    <ClInclude Include="PlainsBiome.h">
      <Filter>Header Files</Filter>
    </ClInclude>
    <ClInclude Include="Rocket.h">
      <Filter>Header Files</Filter>
    </ClInclude>
    <ClInclude Include="GrenadeProjectile.h">
      <Filter>Header Files</Filter>
    </ClInclude>
    <ClInclude Include="TransformationState.h">
      <Filter>Header Files</Filter>
    </ClInclude>
    <ClInclude Include="ContactDamage.h">
      <Filter>Header Files</Filter>
    </ClInclude>
    <ClInclude Include="DamagableEntity.h">
      <Filter>Header Files</Filter>
    </ClInclude>
    <ClInclude Include="coordSyst.h">
      <Filter>Header Files</Filter>
    </ClInclude>
    <ClInclude Include="MeleeDamage.h">
      <Filter>Header Files</Filter>
    </ClInclude>
    <ClInclude Include="HeavyMachineGun.h">
      <Filter>Header Files</Filter>
    </ClInclude>
    <ClInclude Include="NormalDamageState.h">
      <Filter>Header Files</Filter>
    </ClInclude>
    <ClInclude Include="AerialBiome.h">
      <Filter>Header Files</Filter>
    </ClInclude>
    <ClInclude Include="FatTransformState.h">
      <Filter>Header Files</Filter>
    </ClInclude>
    <ClInclude Include="SolidTile.h">
      <Filter>Header Files</Filter>
    </ClInclude>
    <ClInclude Include="Knife.h">
      <Filter>Header Files</Filter>
    </ClInclude>
    <ClInclude Include="Tile.h">
      <Filter>Header Files</Filter>
    </ClInclude>
    <ClInclude Include="SlugFlyer.h">
      <Filter>Header Files</Filter>
    </ClInclude>
    <ClInclude Include="RocketLauncher.h">
      <Filter>Header Files</Filter>
    </ClInclude>
    <ClInclude Include="ShieldedSoldier.h">
      <Filter>Header Files</Filter>
    </ClInclude>
    <ClInclude Include="FirePool.h">
      <Filter>Header Files</Filter>
    </ClInclude>
    <ClInclude Include="BulletDamage.h">
      <Filter>Header Files</Filter>
    </ClInclude>
    <ClInclude Include="ExplosionDamage.h">
      <Filter>Header Files</Filter>
    </ClInclude>
    <ClInclude Include="Camera.h">
      <Filter>Header Files</Filter>
    </ClInclude>
    <ClInclude Include="SurvivalMode.h">
      <Filter>Header Files</Filter>
    </ClInclude>
    <ClInclude Include="IndestructibleTile.h">
      <Filter>Header Files</Filter>
    </ClInclude>
    <ClInclude Include="LaserGun.h">
      <Filter>Header Files</Filter>
    </ClInclude>
    <ClInclude Include="SlugMariner.h">
      <Filter>Header Files</Filter>
    </ClInclude>
    <ClInclude Include="LevelManager.h">
      <Filter>Header Files</Filter>
    </ClInclude>
    <ClInclude Include="Undead.h">
      <Filter>Header Files</Filter>
    </ClInclude>
    <ClInclude Include="Infantry.h">
      <Filter>Header Files</Filter>
    </ClInclude>
    <ClInclude Include="Entity.h">
      <Filter>Header Files</Filter>
    </ClInclude>
    <ClInclude Include="AerialVehicle.h">
      <Filter>Header Files</Filter>
    </ClInclude>
    <ClInclude Include="AirTile.h">
      <Filter>Header Files</Filter>
    </ClInclude>
    <ClInclude Include="FireDamage.h">
      <Filter>Header Files</Filter>
    </ClInclude>
    <ClInclude Include="ProjectileWeapon.h">
      <Filter>Header Files</Filter>
    </ClInclude>
    <ClInclude Include="NormalTransformState.h">
      <Filter>Header Files</Filter>
    </ClInclude>
    <ClInclude Include="Fruit.h">
      <Filter>Header Files</Filter>
    </ClInclude>
    <ClInclude Include="TSlot.h">
      <Filter>Header Files</Filter>
    </ClInclude>
    <ClInclude Include="Pistol.h">
      <Filter>Header Files</Filter>
    </ClInclude>
    <ClInclude Include="AquaticBiome.h">
      <Filter>Header Files</Filter>
    </ClInclude>
    <ClInclude Include="ReverseArcMissile.h">
      <Filter>Header Files</Filter>
    </ClInclude>
    <ClInclude Include="AquaticVehicle.h">
      <Filter>Header Files</Filter>
    </ClInclude>
    <ClInclude Include="UndeadTransformState.h">
      <Filter>Header Files</Filter>
    </ClInclude>
    <ClInclude Include="VehicleModeStrategy.h">
      <Filter>Header Files</Filter>
    </ClInclude>
    <ClInclude Include="BossLevel.h">
      <Filter>Header Files</Filter>
    </ClInclude>
    <ClInclude Include="AmphibiousSlug.h">
      <Filter>Header Files</Filter>
    </ClInclude>
    <ClInclude Include="AreaHazard.h">
      <Filter>Header Files</Filter>
    </ClInclude>
    <ClInclude Include="Weapon.h">
      <Filter>Header Files</Filter>
    </ClInclude>
    <ClInclude Include="Collectible.h">
      <Filter>Header Files</Filter>
    </ClInclude>
    <ClInclude Include="BallisticProjectile.h">
      <Filter>Header Files</Filter>
    </ClInclude>
    <ClInclude Include="EnemyAIState.h">
      <Filter>Header Files</Filter>
    </ClInclude>
    <ClInclude Include="DamageSource.h">
      <Filter>Header Files</Filter>
    </ClInclude>
    <ClInclude Include="BossPhase.h">
      <Filter>Header Files</Filter>
    </ClInclude>
    <ClInclude Include="Direction.h">
      <Filter>Header Files</Filter>
    </ClInclude>
    <ClInclude Include="CollisionManager.h">
      <Filter>Header Files</Filter>
    </ClInclude>
    <ClInclude Include="CampaignMode.h">
      <Filter>Header Files</Filter>
    </ClInclude>
    <ClInclude Include="Bullet.h">
      <Filter>Header Files</Filter>
    </ClInclude>
    <ClInclude Include="DeadDamageState.h">
      <Filter>Header Files</Filter>
    </ClInclude>
    <ClInclude Include="ClipEntry.h">
      <Filter>Header Files</Filter>
    </ClInclude>
    <ClInclude Include="Biome.h">
      <Filter>Header Files</Filter>
    </ClInclude>
    <ClInclude Include="EnemySpawn.h">
      <Filter>Header Files</Filter>
    </ClInclude>
    <ClInclude Include="MetalSlug.h">
      <Filter>Header Files</Filter>
    </ClInclude>
    <ClInclude Include="CowardiceReserve.h">
      <Filter>Header Files</Filter>
    </ClInclude>
    <ClInclude Include="FatBullet.h">
      <Filter>Header Files</Filter>
    </ClInclude>
    <ClInclude Include="Eri.h">
      <Filter>Header Files</Filter>
    </ClInclude>
    <ClInclude Include="PlayerSoldier.h">
      <Filter>Header Files</Filter>
    </ClInclude>
    <ClInclude Include="Projectile.h">
      <Filter>Header Files</Filter>
    </ClInclude>
    <ClInclude Include="EnemyVehicle.h">
      <Filter>Header Files</Filter>
    </ClInclude>
    <ClInclude Include="EnemySub.h">
      <Filter>Header Files</Filter>
    </ClInclude>
    <ClInclude Include="FatPistol.h">
      <Filter>Header Files</Filter>
    </ClInclude>
    <ClInclude Include="EnergyBeam.h">
      <Filter>Header Files</Filter>
    </ClInclude>
    <ClInclude Include="FireBombPrototype.h">
      <Filter>Header Files</Filter>
    </ClInclude>
    <ClInclude Include="Enemy.h">
      <Filter>Header Files</Filter>
    </ClInclude>
    <ClInclude Include="EntityAnims.h">
      <Filter>Header Files</Filter>
    </ClInclude>
    <ClInclude Include="FlyingTara.h">
      <Filter>Header Files</Filter>
    </ClInclude>
    <ClInclude Include="Fio.h">
      <Filter>Header Files</Filter>
    </ClInclude>
    <ClInclude Include="FireStream.h">
      <Filter>Header Files</Filter>
    </ClInclude>
    <ClInclude Include="FlameShot.h">
      <Filter>Header Files</Filter>
    </ClInclude>
    <ClInclude Include="FireBombProjectile.h">
      <Filter>Header Files</Filter>
    </ClInclude>
    <ClInclude Include="GameStateManager.h">
      <Filter>Header Files</Filter>
    </ClInclude>
    <ClInclude Include="FusionCompanion.h">
      <Filter>Header Files</Filter>
    </ClInclude>
    <ClInclude Include="GameMode.h">
      <Filter>Header Files</Filter>
    </ClInclude>
    <ClInclude Include="FiringStrategy.h">
      <Filter>Header Files</Filter>
    </ClInclude>
    <ClInclude Include="InjuredDamageState.h">
      <Filter>Header Files</Filter>
    </ClInclude>
    <ClInclude Include="Game.h">
      <Filter>Header Files</Filter>
    </ClInclude>
    <ClInclude Include="Grenadier.h">
      <Filter>Header Files</Filter>
    </ClInclude>
    <ClInclude Include="HUD.h">
      <Filter>Header Files</Filter>
    </ClInclude>
    <ClInclude Include="Grenade.h">
      <Filter>Header Files</Filter>
    </ClInclude>
    <ClInclude Include="GameState.h">
      <Filter>Header Files</Filter>
    </ClInclude>
    <ClInclude Include="IronNokana.h">
      <Filter>Header Files</Filter>
    </ClInclude>
    <ClInclude Include="InputHandler.h">
      <Filter>Header Files</Filter>
    </ClInclude>
    <ClInclude Include="HandGrenadePrototype.h">
      <Filter>Header Files</Filter>
    </ClInclude>
    <ClInclude Include="Level.h">
      <Filter>Header Files</Filter>
    </ClInclude>
    <ClInclude Include="GroundVehicle.h">
      <Filter>Header Files</Filter>
    </ClInclude>
    <ClInclude Include="InteractableObject.h">
      <Filter>Header Files</Filter>
    </ClInclude>
    <ClInclude Include="Inventory.h">
      <Filter>Header Files</Filter>
    </ClInclude>
    <ClInclude Include="M15ABradley.h">
      <Filter>Header Files</Filter>
    </ClInclude>
    <ClInclude Include="Marco.h">
      <Filter>Header Files</Filter>
    </ClInclude>
    <ClInclude Include="MenuState.h">
      <Filter>Header Files</Filter>
    </ClInclude>
    <ClInclude Include="MainMenu.h">
      <Filter>Header Files</Filter>
    </ClInclude>
    <ClInclude Include="SpawnRecipe.h">
      <Filter>Header Files</Filter>
    </ClInclude>
    <ClInclude Include="Martian.h">
      <Filter>Header Files</Filter>
    </ClInclude>
    <ClInclude Include="Paratrooper.h">
      <Filter>Header Files</Filter>
    </ClInclude>
    <ClInclude Include="MummyWarrior.h">
      <Filter>Header Files</Filter>
    </ClInclude>
    <ClInclude Include="ParatrooperKind.h">
      <Filter>Header Files</Filter>
    </ClInclude>
    <ClInclude Include="PatrolAIState.h">
      <Filter>Header Files</Filter>
    </ClInclude>
    <ClInclude Include="POWPrisoner.h">
      <Filter>Header Files</Filter>
    </ClInclude>
    <ClInclude Include="RebelSoldier.h">
      <Filter>Header Files</Filter>
    </ClInclude>
    <ClInclude Include="Soldier.h">
      <Filter>Header Files</Filter>
    </ClInclude>
    <ClInclude Include="SelfPlayingMode.h">
      <Filter>Header Files</Filter>
    </ClInclude>
    <ClInclude Include="ScoreManager.h">
      <Filter>Header Files</Filter>
    </ClInclude>
    <ClInclude Include="SeaSatan.h">
      <Filter>Header Files</Filter>
    </ClInclude>
    <ClInclude Include="HairBusterRiberts.h">
      <Filter>Header Files</Filter>
    </ClInclude>
    <ClInclude Include="Zombie.h">
      <Filter>Header Files</Filter>
    </ClInclude>
    <ClInclude Include="PlayState.h">
      <Filter>Header Files</Filter>
    </ClInclude>
    <ClInclude Include="StraightProjectile.h">
      <Filter>Header Files</Filter>
    </ClInclude>
    <ClInclude Include="SupplyCrate.h">
      <Filter>Header Files</Filter>
    </ClInclude>
    <ClInclude Include="Vehicle.h">
      <Filter>Header Files</Filter>
    </ClInclude>
    <ClInclude Include="VFXOverlay.h">
      <Filter>Header Files</Filter>
    </ClInclude>
    <ClInclude Include="TileMap.h">
      <Filter>Header Files</Filter>
    </ClInclude>
    <ClInclude Include="UltimateBoss.h">
      <Filter>Header Files</Filter>
    </ClInclude>
    <ClInclude Include="Tarma.h">
      <Filter>Header Files</Filter>
    </ClInclude>
    <ClInclude Include="SurvivalLevel.h">
      <Filter>Header Files</Filter>
    </ClInclude>
    <ClInclude Include="SpriteAnimator.h">
      <Filter>Header Files</Filter>
    </ClInclude>
  </ItemGroup>
  <ItemGroup>
    <ClCompile Include="HandGrenadePrototype.cpp">
      <Filter>Header Files</Filter>
    </ClCompile>
    <ClCompile Include="HUD.cpp">
      <Filter>Header Files</Filter>
    </ClCompile>
    <ClCompile Include="HeavyMachineGun.cpp">
      <Filter>Header Files</Filter>
    </ClCompile>
    <ClCompile Include="HairBusterRiberts.cpp">
      <Filter>Header Files</Filter>
    </ClCompile>
    <ClCompile Include="MummyWarrior.cpp">
      <Filter>Source Files</Filter>
    </ClCompile>
    <ClCompile Include="Box.cpp">
      <Filter>Source Files</Filter>
    </ClCompile>
    <ClCompile Include="BulletDamage.cpp">
      <Filter>Source Files</Filter>
    </ClCompile>
    <ClCompile Include="CampaignMode.cpp">
      <Filter>Source Files</Filter>
    </ClCompile>
    <ClCompile Include="EntityManager.cpp">
      <Filter>Source Files</Filter>
    </ClCompile>
    <ClCompile Include="FireBombProjectile.cpp">
      <Filter>Source Files</Filter>
    </ClCompile>
    <ClCompile Include="PlainsBiome.cpp">
      <Filter>Source Files</Filter>
    </ClCompile>
    <ClCompile Include="ReverseArcMissile.cpp">
      <Filter>Source Files</Filter>
    </ClCompile>
    <ClCompile Include="AquaticVehicle.cpp">
      <Filter>Source Files</Filter>
    </ClCompile>
    <ClCompile Include="MenuState.cpp">
      <Filter>Source Files</Filter>
    </ClCompile>
    <ClCompile Include="ContactDamage.cpp">
      <Filter>Source Files</Filter>
    </ClCompile>
    <ClCompile Include="coordSyst.cpp">
      <Filter>Source Files</Filter>
    </ClCompile>
    <ClCompile Include="Tslot.cpp">
      <Filter>Source Files</Filter>
    </ClCompile>
    <ClCompile Include="Rocket.cpp">
      <Filter>Source Files</Filter>
    </ClCompile>
    <ClCompile Include="NormalTransformState.cpp">
      <Filter>Source Files</Filter>
    </ClCompile>
    <ClCompile Include="InjuredDamageState.cpp">
      <Filter>Source Files</Filter>
    </ClCompile>
    <ClCompile Include="AnimClip.cpp">
      <Filter>Source Files</Filter>
    </ClCompile>
    <ClCompile Include="FireDamage.cpp">
      <Filter>Source Files</Filter>
    </ClCompile>
    <ClCompile Include="BazookaSoldier.cpp">
      <Filter>Source Files</Filter>
    </ClCompile>
    <ClCompile Include="InputHandler.cpp">
      <Filter>Source Files</Filter>
    </ClCompile>
    <ClCompile Include="DamageSource.cpp">
      <Filter>Source Files</Filter>
    </ClCompile>
    <ClCompile Include="SlugFlyer.cpp">
      <Filter>Source Files</Filter>
    </ClCompile>
    <ClCompile Include="AerialBiome.cpp">
      <Filter>Source Files</Filter>
    </ClCompile>
    <ClCompile Include="MeleeDamage.cpp">
      <Filter>Source Files</Filter>
    </ClCompile>
    <ClCompile Include="Level.cpp">
      <Filter>Source Files</Filter>
    </ClCompile>
    <ClCompile Include="CriticalDamageState.cpp">
      <Filter>Source Files</Filter>
    </ClCompile>
    <ClCompile Include="POWPrisoner.cpp">
      <Filter>Source Files</Filter>
    </ClCompile>
    <ClCompile Include="Fruit.cpp">
      <Filter>Source Files</Filter>
    </ClCompile>
    <ClCompile Include="ShieldedSoldier.cpp">
      <Filter>Source Files</Filter>
    </ClCompile>
    <ClCompile Include="ParatrooperKind.cpp">
      <Filter>Source Files</Filter>
    </ClCompile>
    <ClCompile Include="GrenadeProjectile.cpp">
      <Filter>Source Files</Filter>
    </ClCompile>
    <ClCompile Include="VehicleModeStrategy.cpp">
      <Filter>Source Files</Filter>
    </ClCompile>
    <ClCompile Include="Turkey.cpp">
      <Filter>Source Files</Filter>
    </ClCompile>
    <ClCompile Include="TextureManager.cpp">
      <Filter>Source Files</Filter>
    </ClCompile>
    <ClCompile Include="TransformationState.cpp">
      <Filter>Source Files</Filter>
    </ClCompile>
    <ClCompile Include="Weapon.cpp">
      <Filter>Source Files</Filter>
    </ClCompile>
    <ClCompile Include="UndeadTransformState.cpp">
      <Filter>Source Files</Filter>
    </ClCompile>
    <ClCompile Include="SlugMariner.cpp">
      <Filter>Source Files</Filter>
    </ClCompile>
    <ClCompile Include="AerialVehicle.cpp">
      <Filter>Source Files</Filter>
    </ClCompile>
    <ClCompile Include="Tarma.cpp">
      <Filter>Source Files</Filter>
    </ClCompile>
    <ClCompile Include="ExplosionDamage.cpp">
      <Filter>Source Files</Filter>
    </ClCompile>
    <ClCompile Include="SolidTile.cpp">
      <Filter>Source Files</Filter>
    </ClCompile>
    <ClCompile Include="WaterTile.cpp">
      <Filter>Source Files</Filter>
    </ClCompile>
    <ClCompile Include="BallisticProjectile.cpp">
      <Filter>Source Files</Filter>
    </ClCompile>
    <ClCompile Include="GameStateManager.cpp">
      <Filter>Source Files</Filter>
    </ClCompile>
    <ClCompile Include="ClipEntry.cpp">
      <Filter>Source Files</Filter>
    </ClCompile>
    <ClCompile Include="RocketLauncher.cpp">
      <Filter>Source Files</Filter>
    </ClCompile>
    <ClCompile Include="BazookaShell.cpp">
      <Filter>Source Files</Filter>
    </ClCompile>
    <ClCompile Include="Zombie.cpp">
      <Filter>Source Files</Filter>
    </ClCompile>
    <ClCompile Include="AquaticBiome.cpp">
      <Filter>Source Files</Filter>
    </ClCompile>
    <ClCompile Include="VFXOverlay.cpp">
      <Filter>Source Files</Filter>
    </ClCompile>
    <ClCompile Include="AmphibiousSlug.cpp">
      <Filter>Source Files</Filter>
    </ClCompile>
    <ClCompile Include="CollisionManager.cpp">
      <Filter>Source Files</Filter>
    </ClCompile>
    <ClCompile Include="AreaHazard.cpp">
      <Filter>Source Files</Filter>
    </ClCompile>
    <ClCompile Include="Enemy.cpp">
      <Filter>Source Files</Filter>
    </ClCompile>
    <ClCompile Include="Collectible.cpp">
      <Filter>Source Files</Filter>
    </ClCompile>
    <ClCompile Include="BossLevel.cpp">
      <Filter>Source Files</Filter>
    </ClCompile>
    <ClCompile Include="Camera.cpp">
      <Filter>Source Files</Filter>
    </ClCompile>
    <ClCompile Include="DeadDamageState.cpp">
      <Filter>Source Files</Filter>
    </ClCompile>
    <ClCompile Include="Direction.cpp">
      <Filter>Source Files</Filter>
    </ClCompile>
    <ClCompile Include="DamageState.cpp">
      <Filter>Source Files</Filter>
    </ClCompile>
    <ClCompile Include="BossPhase.cpp">
      <Filter>Source Files</Filter>
    </ClCompile>
    <ClCompile Include="EnemySub.cpp">
      <Filter>Source Files</Filter>
    </ClCompile>
    <ClCompile Include="CowardiceReserve.cpp">
      <Filter>Source Files</Filter>
    </ClCompile>
    <ClCompile Include="DamagableEntity.cpp">
      <Filter>Source Files</Filter>
    </ClCompile>
    <ClCompile Include="Boss.cpp">
      <Filter>Source Files</Filter>
    </ClCompile>
    <ClCompile Include="FireBombPrototype.cpp">
      <Filter>Source Files</Filter>
    </ClCompile>
    <ClCompile Include="FlameShot.cpp">
      <Filter>Source Files</Filter>
    </ClCompile>
    <ClCompile Include="FireStream.cpp">
      <Filter>Source Files</Filter>
    </ClCompile>
    <ClCompile Include="MummyTransformState.cpp">
      <Filter>Source Files</Filter>
    </ClCompile>
    <ClCompile Include="Grenade.cpp">
      <Filter>Source Files</Filter>
    </ClCompile>
    <ClCompile Include="Soldier.cpp">
      <Filter>Source Files</Filter>
    </ClCompile>
    <ClCompile Include="AirTile.cpp">
      <Filter>Source Files</Filter>
    </ClCompile>
    <ClCompile Include="FatBullet.cpp">
      <Filter>Source Files</Filter>
    </ClCompile>
    <ClCompile Include="Bullet.cpp">
      <Filter>Source Files</Filter>
    </ClCompile>
    <ClCompile Include="Entity.cpp">
      <Filter>Source Files</Filter>
    </ClCompile>
    <ClCompile Include="Eri.cpp">
      <Filter>Source Files</Filter>
    </ClCompile>
    <ClCompile Include="EnergyBeam.cpp">
      <Filter>Source Files</Filter>
    </ClCompile>
    <ClCompile Include="EnemyVehicle.cpp">
      <Filter>Source Files</Filter>
    </ClCompile>
    <ClCompile Include="EntityAnims.cpp">
      <Filter>Source Files</Filter>
    </ClCompile>
    <ClCompile Include="FatPistol.cpp">
      <Filter>Source Files</Filter>
    </ClCompile>
    <ClCompile Include="FlyingTara.cpp">
      <Filter>Source Files</Filter>
    </ClCompile>
    <ClCompile Include="FatTransformState.cpp">
      <Filter>Source Files</Filter>
    </ClCompile>
    <ClCompile Include="Game.cpp">
      <Filter>Source Files</Filter>
    </ClCompile>
    <ClCompile Include="FusionCompanion.cpp">
      <Filter>Source Files</Filter>
    </ClCompile>
    <ClCompile Include="Fio.cpp">
      <Filter>Source Files</Filter>
    </ClCompile>
    <ClCompile Include="Knife.cpp">
      <Filter>Source Files</Filter>
    </ClCompile>
    <ClCompile Include="FirePool.cpp">
      <Filter>Source Files</Filter>
    </ClCompile>
    <ClCompile Include="SurvivalMode.cpp">
      <Filter>Source Files</Filter>
    </ClCompile>
    <ClCompile Include="Grenadier.cpp">
      <Filter>Source Files</Filter>
    </ClCompile>
    <ClCompile Include="FiringStrategy.cpp">
      <Filter>Source Files</Filter>
    </ClCompile>
    <ClCompile Include="Marco.cpp">
      <Filter>Source Files</Filter>
    </ClCompile>
    <ClCompile Include="MetalSlug.cpp">
      <Filter>Source Files</Filter>
    </ClCompile>
    <ClCompile Include="GroundVehicle.cpp">
      <Filter>Source Files</Filter>
    </ClCompile>
    <ClCompile Include="LaserGun.cpp">
      <Filter>Source Files</Filter>
    </ClCompile>
    <ClCompile Include="LevelManager.cpp">
      <Filter>Source Files</Filter>
    </ClCompile>
    <ClCompile Include="M15ABradley.cpp">
      <Filter>Source Files</Filter>
    </ClCompile>
    <ClCompile Include="Inventory.cpp">
      <Filter>Source Files</Filter>
    </ClCompile>
    <ClCompile Include="IronNokana.cpp">
      <Filter>Source Files</Filter>
    </ClCompile>
    <ClCompile Include="Martian.cpp">
      <Filter>Source Files</Filter>
    </ClCompile>
    <ClCompile Include="MainMenu.cpp">
      <Filter>Source Files</Filter>
    </ClCompile>
    <ClCompile Include="Paratrooper.cpp">
      <Filter>Source Files</Filter>
    </ClCompile>
    <ClCompile Include="SpriteAnimator.cpp">
      <Filter>Source Files</Filter>
    </ClCompile>
    <ClCompile Include="NormalDamageState.cpp">
      <Filter>Source Files</Filter>
    </ClCompile>
    <ClCompile Include="ProjectileWeapon.cpp">
      <Filter>Source Files</Filter>
    </ClCompile>
    <ClCompile Include="StraightProjectile.cpp">
      <Filter>Source Files</Filter>
    </ClCompile>
    <ClCompile Include="SpawnRecipe.cpp">
      <Filter>Source Files</Filter>
    </ClCompile>
    <ClCompile Include="ScoreManager.cpp">
      <Filter>Source Files</Filter>
    </ClCompile>
    <ClCompile Include="RebelSoldier.cpp">
      <Filter>Source Files</Filter>
    </ClCompile>
    <ClCompile Include="Pistol.cpp">
      <Filter>Source Files</Filter>
    </ClCompile>
    <ClCompile Include="PlayerSoldier.cpp">
      <Filter>Source Files</Filter>
    </ClCompile>
    <ClCompile Include="PatrolAIState.cpp">
      <Filter>Source Files</Filter>
    </ClCompile>
    <ClCompile Include="SeaSatan.cpp">
      <Filter>Source Files</Filter>
    </ClCompile>
    <ClCompile Include="SelfPlayingMode.cpp">
      <Filter>Source Files</Filter>
    </ClCompile>
    <ClCompile Include="Projectile.cpp">
      <Filter>Source Files</Filter>
    </ClCompile>
    <ClCompile Include="Infantry.cpp">
      <Filter>Source Files</Filter>
    </ClCompile>
    <ClCompile Include="Tile.cpp">
      <Filter>Source Files</Filter>
    </ClCompile>
    <ClCompile Include="UltimateBoss.cpp">
      <Filter>Source Files</Filter>
    </ClCompile>
    <ClCompile Include="Undead.cpp">
      <Filter>Source Files</Filter>
    </ClCompile>
    <ClCompile Include="TileMap.cpp">
      <Filter>Source Files</Filter>
    </ClCompile>
    <ClCompile Include="Alien.cpp">
      <Filter>Source Files</Filter>
    </ClCompile>
    <ClCompile Include="EnemySpawn.cpp">
      <Filter>Source Files</Filter>
    </ClCompile>
    <ClCompile Include="Vehicle.cpp">
      <Filter>Source Files</Filter>
    </ClCompile>
    <ClCompile Include="Biome.cpp">
      <Filter>Source Files</Filter>
    </ClCompile>
    <ClCompile Include="GameMode.cpp">
      <Filter>Source Files</Filter>
    </ClCompile>
    <ClCompile Include="PlayState.cpp">
      <Filter>Source Files</Filter>
    </ClCompile>
    <ClCompile Include="EnemyAIState.cpp">
      <Filter>Source Files</Filter>
    </ClCompile>
    <ClCompile Include="SupplyCrate.cpp">
      <Filter>Source Files</Filter>
    </ClCompile>
    <ClCompile Include="InteractableObject.cpp">
      <Filter>Source Files</Filter>
    </ClCompile>
    <ClCompile Include="SurvivalLevel.cpp">
      <Filter>Source Files</Filter>
    </ClCompile>
    <ClCompile Include="IndestructibleTile.cpp">
      <Filter>Source Files</Filter>
    </ClCompile>
    <ClCompile Include="GameState.cpp">
      <Filter>Source Files</Filter>
    </ClCompile>
    <ClCompile Include="main.cpp">
      <Filter>Source Files</Filter>
    </ClCompile>
  </ItemGroup>
</Project>